Microsoft Visual Studio Solution File, Format Version 12.00
# Visual Studio 2013
VisualStudioVersion = 12.0.40629.0
MinimumVisualStudioVersion = 10.0.40219.1
Project("{8BC9CEB8-8B4A-11D0-8D11-00A0C91BC942}") = "protomol", "Protomol.vcxproj", "{5EE4048D-4403-40F1-AB5E-3F3C7D260892}"
EndProject
Global
	GlobalSection(SolutionConfigurationPlatforms) = preSolution
		Debug|Win32 = Debug|Win32
		Release|Win32 = Release|Win32
	EndGlobalSection
	GlobalSection(ProjectConfigurationPlatforms) = postSolution
		{5EE4048D-4403-40F1-AB5E-3F3C7D260892}.Debug|Win32.ActiveCfg = Debug|Win32
		{5EE4048D-4403-40F1-AB5E-3F3C7D260892}.Debug|Win32.Build.0 = Debug|Win32
		{5EE4048D-4403-40F1-AB5E-3F3C7D260892}.Release|Win32.ActiveCfg = Release|Win32
		{5EE4048D-4403-40F1-AB5E-3F3C7D260892}.Release|Win32.Build.0 = Release|Win32
	EndGlobalSection
	GlobalSection(SolutionProperties) = preSolution
		HideSolutionNode = FALSE
	EndGlobalSection
EndGlobal
